// !$*UTF8*$!
{
	archiveVersion = 1;
	classes = {
	};
	objectVersion = 48;
	objects = {

/* Begin PBXBuildFile section */
		0AB479A9A80790A7EC888CC3 /* Pods_v1_h4h.framework in Frameworks */ = {isa = PBXBuildFile; fileRef = 8CEE16B3D2874999C29AB1EE /* Pods_v1_h4h.framework */; };
		2AE585D8204B445C00E4CCAD /* AppDelegate.swift in Sources */ = {isa = PBXBuildFile; fileRef = 2AE585D7204B445C00E4CCAD /* AppDelegate.swift */; };
		2AE585DA204B445C00E4CCAD /* ViewController.swift in Sources */ = {isa = PBXBuildFile; fileRef = 2AE585D9204B445C00E4CCAD /* ViewController.swift */; };
		2AE585DD204B445C00E4CCAD /* Main.storyboard in Resources */ = {isa = PBXBuildFile; fileRef = 2AE585DB204B445C00E4CCAD /* Main.storyboard */; };
		2AE585DF204B445C00E4CCAD /* Assets.xcassets in Resources */ = {isa = PBXBuildFile; fileRef = 2AE585DE204B445C00E4CCAD /* Assets.xcassets */; };
		2AE585E2204B445C00E4CCAD /* LaunchScreen.storyboard in Resources */ = {isa = PBXBuildFile; fileRef = 2AE585E0204B445C00E4CCAD /* LaunchScreen.storyboard */; };
		2AE585EA204B822900E4CCAD /* ViewController2.swift in Sources */ = {isa = PBXBuildFile; fileRef = 2AE585E9204B822900E4CCAD /* ViewController2.swift */; };
/* End PBXBuildFile section */

/* Begin PBXFileReference section */
		2AE585D4204B445C00E4CCAD /* v1_h4h.app */ = {isa = PBXFileReference; explicitFileType = wrapper.application; includeInIndex = 0; path = v1_h4h.app; sourceTree = BUILT_PRODUCTS_DIR; };
		2AE585D7204B445C00E4CCAD /* AppDelegate.swift */ = {isa = PBXFileReference; lastKnownFileType = sourcecode.swift; path = AppDelegate.swift; sourceTree = "<group>"; };
		2AE585D9204B445C00E4CCAD /* ViewController.swift */ = {isa = PBXFileReference; lastKnownFileType = sourcecode.swift; path = ViewController.swift; sourceTree = "<group>"; };
		2AE585DC204B445C00E4CCAD /* Base */ = {isa = PBXFileReference; lastKnownFileType = file.storyboard; name = Base; path = Base.lproj/Main.storyboard; sourceTree = "<group>"; };
		2AE585DE204B445C00E4CCAD /* Assets.xcassets */ = {isa = PBXFileReference; lastKnownFileType = folder.assetcatalog; path = Assets.xcassets; sourceTree = "<group>"; };
		2AE585E1204B445C00E4CCAD /* Base */ = {isa = PBXFileReference; lastKnownFileType = file.storyboard; name = Base; path = Base.lproj/LaunchScreen.storyboard; sourceTree = "<group>"; };
		2AE585E3204B445C00E4CCAD /* Info.plist */ = {isa = PBXFileReference; lastKnownFileType = text.plist.xml; path = Info.plist; sourceTree = "<group>"; };
		2AE585E9204B822900E4CCAD /* ViewController2.swift */ = {isa = PBXFileReference; lastKnownFileType = sourcecode.swift; path = ViewController2.swift; sourceTree = "<group>"; };
		32B4E7D91A9A33304AFC1EB0 /* Pods-v1_h4h.debug.xcconfig */ = {isa = PBXFileReference; includeInIndex = 1; lastKnownFileType = text.xcconfig; name = "Pods-v1_h4h.debug.xcconfig"; path = "Pods/Target Support Files/Pods-v1_h4h/Pods-v1_h4h.debug.xcconfig"; sourceTree = "<group>"; };
		8CEE16B3D2874999C29AB1EE /* Pods_v1_h4h.framework */ = {isa = PBXFileReference; explicitFileType = wrapper.framework; includeInIndex = 0; path = Pods_v1_h4h.framework; sourceTree = BUILT_PRODUCTS_DIR; };
		D40966676D001B2B93338F94 /* Pods-v1_h4h.release.xcconfig */ = {isa = PBXFileReference; includeInIndex = 1; lastKnownFileType = text.xcconfig; name = "Pods-v1_h4h.release.xcconfig"; path = "Pods/Target Support Files/Pods-v1_h4h/Pods-v1_h4h.release.xcconfig"; sourceTree = "<group>"; };
/* End PBXFileReference section */

/* Begin PBXFrameworksBuildPhase section */
		2AE585D1204B445C00E4CCAD /* Frameworks */ = {
			isa = PBXFrameworksBuildPhase;
			buildActionMask = 2147483647;
			files = (
				0AB479A9A80790A7EC888CC3 /* Pods_v1_h4h.framework in Frameworks */,
			);
			runOnlyForDeploymentPostprocessing = 0;
		};
/* End PBXFrameworksBuildPhase section */

/* Begin PBXGroup section */
		03F4307BCF22AF630B9F8646 /* Pods */ = {
			isa = PBXGroup;
			children = (
				32B4E7D91A9A33304AFC1EB0 /* Pods-v1_h4h.debug.xcconfig */,
				D40966676D001B2B93338F94 /* Pods-v1_h4h.release.xcconfig */,
			);
			name = Pods;
			sourceTree = "<group>";
		};
		06F546E586DF733B20240602 /* Frameworks */ = {
			isa = PBXGroup;
			children = (
				8CEE16B3D2874999C29AB1EE /* Pods_v1_h4h.framework */,
			);
			name = Frameworks;
			sourceTree = "<group>";
		};
		2AE585CB204B445C00E4CCAD = {
			isa = PBXGroup;
			children = (
				2AE585D6204B445C00E4CCAD /* v1_h4h */,
				2AE585D5204B445C00E4CCAD /* Products */,
				03F4307BCF22AF630B9F8646 /* Pods */,
				06F546E586DF733B20240602 /* Frameworks */,
			);
			sourceTree = "<group>";
		};
		2AE585D5204B445C00E4CCAD /* Products */ = {
			isa = PBXGroup;
			children = (
				2AE585D4204B445C00E4CCAD /* v1_h4h.app */,
			);
			name = Products;
			sourceTree = "<group>";
		};
		2AE585D6204B445C00E4CCAD /* v1_h4h */ = {
			isa = PBXGroup;
			children = (
				2AE585D7204B445C00E4CCAD /* AppDelegate.swift */,
				2AE585D9204B445C00E4CCAD /* ViewController.swift */,
				2AE585DB204B445C00E4CCAD /* Main.storyboard */,
				2AE585E9204B822900E4CCAD /* ViewController2.swift */,
				2AE585DE204B445C00E4CCAD /* Assets.xcassets */,
				2AE585E0204B445C00E4CCAD /* LaunchScreen.storyboard */,
				2AE585E3204B445C00E4CCAD /* Info.plist */,
			);
			path = v1_h4h;
			sourceTree = "<group>";
		};
/* End PBXGroup section */

/* Begin PBXNativeTarget section */
		2AE585D3204B445C00E4CCAD /* v1_h4h */ = {
			isa = PBXNativeTarget;
			buildConfigurationList = 2AE585E6204B445C00E4CCAD /* Build configuration list for PBXNativeTarget "v1_h4h" */;
			buildPhases = (
				EAB5B5737D937DBFCB9A3B4C /* [CP] Check Pods Manifest.lock */,
				2AE585D0204B445C00E4CCAD /* Sources */,
				2AE585D1204B445C00E4CCAD /* Frameworks */,
				2AE585D2204B445C00E4CCAD /* Resources */,
				7709EF2A1304ADBC742842EE /* [CP] Embed Pods Frameworks */,
				FD3E9508702ACCC200FF9ABA /* [CP] Copy Pods Resources */,
			);
			buildRules = (
			);
			dependencies = (
			);
			name = v1_h4h;
			productName = v1_h4h;
			productReference = 2AE585D4204B445C00E4CCAD /* v1_h4h.app */;
			productType = "com.apple.product-type.application";
		};
/* End PBXNativeTarget section */

/* Begin PBXProject section */
		2AE585CC204B445C00E4CCAD /* Project object */ = {
			isa = PBXProject;
			attributes = {
				LastSwiftUpdateCheck = 0920;
				LastUpgradeCheck = 0920;
				ORGANIZATIONNAME = "Steven Bucher";
				TargetAttributes = {
					2AE585D3204B445C00E4CCAD = {
						CreatedOnToolsVersion = 9.2;
						ProvisioningStyle = Automatic;
					};
				};
			};
			buildConfigurationList = 2AE585CF204B445C00E4CCAD /* Build configuration list for PBXProject "v1_h4h" */;
			compatibilityVersion = "Xcode 8.0";
			developmentRegion = en;
			hasScannedForEncodings = 0;
			knownRegions = (
				en,
				Base,
			);
			mainGroup = 2AE585CB204B445C00E4CCAD;
			productRefGroup = 2AE585D5204B445C00E4CCAD /* Products */;
			projectDirPath = "";
			projectRoot = "";
			targets = (
				2AE585D3204B445C00E4CCAD /* v1_h4h */,
			);
		};
/* End PBXProject section */

/* Begin PBXResourcesBuildPhase section */
		2AE585D2204B445C00E4CCAD /* Resources */ = {
			isa = PBXResourcesBuildPhase;
			buildActionMask = 2147483647;
			files = (
				2AE585E2204B445C00E4CCAD /* LaunchScreen.storyboard in Resources */,
				2AE585DF204B445C00E4CCAD /* Assets.xcassets in Resources */,
				2AE585DD204B445C00E4CCAD /* Main.storyboard in Resources */,
			);
			runOnlyForDeploymentPostprocessing = 0;
		};
/* End PBXResourcesBuildPhase section */

/* Begin PBXShellScriptBuildPhase section */
		7709EF2A1304ADBC742842EE /* [CP] Embed Pods Frameworks */ = {
			isa = PBXShellScriptBuildPhase;
			buildActionMask = 2147483647;
			files = (
			);
			inputPaths = (
				"${SRCROOT}/Pods/Target Support Files/Pods-v1_h4h/Pods-v1_h4h-frameworks.sh",
				"${BUILT_PRODUCTS_DIR}/SwiftSocket/SwiftSocket.framework",
			);
			name = "[CP] Embed Pods Frameworks";
			outputPaths = (
				"${TARGET_BUILD_DIR}/${FRAMEWORKS_FOLDER_PATH}/SwiftSocket.framework",
			);
			runOnlyForDeploymentPostprocessing = 0;
			shellPath = /bin/sh;
			shellScript = "\"${SRCROOT}/Pods/Target Support Files/Pods-v1_h4h/Pods-v1_h4h-frameworks.sh\"\n";
			showEnvVarsInLog = 0;
		};
		EAB5B5737D937DBFCB9A3B4C /* [CP] Check Pods Manifest.lock */ = {
			isa = PBXShellScriptBuildPhase;
			buildActionMask = 2147483647;
			files = (
			);
			inputPaths = (
				"${PODS_PODFILE_DIR_PATH}/Podfile.lock",
				"${PODS_ROOT}/Manifest.lock",
			);
			name = "[CP] Check Pods Manifest.lock";
			outputPaths = (
				"$(DERIVED_FILE_DIR)/Pods-v1_h4h-checkManifestLockResult.txt",
			);
			runOnlyForDeploymentPostprocessing = 0;
			shellPath = /bin/sh;
			shellScript = "diff \"${PODS_PODFILE_DIR_PATH}/Podfile.lock\" \"${PODS_ROOT}/Manifest.lock\" > /dev/null\nif [ $? != 0 ] ; then\n    # print error to STDERR\n    echo \"error: The sandbox is not in sync with the Podfile.lock. Run 'pod install' or update your CocoaPods installation.\" >&2\n    exit 1\nfi\n# This output is used by Xcode 'outputs' to avoid re-running this script phase.\necho \"SUCCESS\" > \"${SCRIPT_OUTPUT_FILE_0}\"\n";
			showEnvVarsInLog = 0;
		};
		FD3E9508702ACCC200FF9ABA /* [CP] Copy Pods Resources */ = {
			isa = PBXShellScriptBuildPhase;
			buildActionMask = 2147483647;
			files = (
			);
			inputPaths = (
			);
			name = "[CP] Copy Pods Resources";
			outputPaths = (
			);
			runOnlyForDeploymentPostprocessing = 0;
			shellPath = /bin/sh;
			shellScript = "\"${SRCROOT}/Pods/Target Support Files/Pods-v1_h4h/Pods-v1_h4h-resources.sh\"\n";
			showEnvVarsInLog = 0;
		};
/* End PBXShellScriptBuildPhase section */

/* Begin PBXSourcesBuildPhase section */
		2AE585D0204B445C00E4CCAD /* Sources */ = {
			isa = PBXSourcesBuildPhase;
			buildActionMask = 2147483647;
			files = (
				2AE585DA204B445C00E4CCAD /* ViewController.swift in Sources */,
				2AE585D8204B445C00E4CCAD /* AppDelegate.swift in Sources */,
				2AE585EA204B822900E4CCAD /* ViewController2.swift in Sources */,
			);
			runOnlyForDeploymentPostprocessing = 0;
		};
/* End PBXSourcesBuildPhase section */

/* Begin PBXVariantGroup section */
		2AE585DB204B445C00E4CCAD /* Main.storyboard */ = {
			isa = PBXVariantGroup;
			children = (
				2AE585DC204B445C00E4CCAD /* Base */,
			);
			name = Main.storyboard;
			sourceTree = "<group>";
		};
		2AE585E0204B445C00E4CCAD /* LaunchScreen.storyboard */ = {
			isa = PBXVariantGroup;
			children = (
				2AE585E1204B445C00E4CCAD /* Base */,
			);
			name = LaunchScreen.storyboard;
			sourceTree = "<group>";
		};
/* End PBXVariantGroup section */

/* Begin XCBuildConfiguration section */
		2AE585E4204B445C00E4CCAD /* Debug */ = {
			isa = XCBuildConfiguration;
			buildSettings = {
				ALWAYS_SEARCH_USER_PATHS = NO;
				CLANG_ANALYZER_NONNULL = YES;
				CLANG_ANALYZER_NUMBER_OBJECT_CONVERSION = YES_AGGRESSIVE;
				CLANG_CXX_LANGUAGE_STANDARD = "gnu++14";
				CLANG_CXX_LIBRARY = "libc++";
				CLANG_ENABLE_MODULES = YES;
				CLANG_ENABLE_OBJC_ARC = YES;
				CLANG_WARN_BLOCK_CAPTURE_AUTORELEASING = YES;
				CLANG_WARN_BOOL_CONVERSION = YES;
				CLANG_WARN_COMMA = YES;
				CLANG_WARN_CONSTANT_CONVERSION = YES;
				CLANG_WARN_DIRECT_OBJC_ISA_USAGE = YES_ERROR;
				CLANG_WARN_DOCUMENTATION_COMMENTS = YES;
				CLANG_WARN_EMPTY_BODY = YES;
				CLANG_WARN_ENUM_CONVERSION = YES;
				CLANG_WARN_INFINITE_RECURSION = YES;
				CLANG_WARN_INT_CONVERSION = YES;
				CLANG_WARN_NON_LITERAL_NULL_CONVERSION = YES;
				CLANG_WARN_OBJC_LITERAL_CONVERSION = YES;
				CLANG_WARN_OBJC_ROOT_CLASS = YES_ERROR;
				CLANG_WARN_RANGE_LOOP_ANALYSIS = YES;
				CLANG_WARN_STRICT_PROTOTYPES = YES;
				CLANG_WARN_SUSPICIOUS_MOVE = YES;
				CLANG_WARN_UNGUARDED_AVAILABILITY = YES_AGGRESSIVE;
				CLANG_WARN_UNREACHABLE_CODE = YES;
				CLANG_WARN__DUPLICATE_METHOD_MATCH = YES;
				CODE_SIGN_IDENTITY = "iPhone Developer";
				COPY_PHASE_STRIP = NO;
				DEBUG_INFORMATION_FORMAT = dwarf;
				ENABLE_STRICT_OBJC_MSGSEND = YES;
				ENABLE_TESTABILITY = YES;
				GCC_C_LANGUAGE_STANDARD = gnu11;
				GCC_DYNAMIC_NO_PIC = NO;
				GCC_NO_COMMON_BLOCKS = YES;
				GCC_OPTIMIZATION_LEVEL = 0;
				GCC_PREPROCESSOR_DEFINITIONS = (
					"DEBUG=1",
					"$(inherited)",
				);
				GCC_WARN_64_TO_32_BIT_CONVERSION = YES;
				GCC_WARN_ABOUT_RETURN_TYPE = YES_ERROR;
				GCC_WARN_UNDECLARED_SELECTOR = YES;
				GCC_WARN_UNINITIALIZED_AUTOS = YES_AGGRESSIVE;
				GCC_WARN_UNUSED_FUNCTION = YES;
				GCC_WARN_UNUSED_VARIABLE = YES;
				IPHONEOS_DEPLOYMENT_TARGET = 11.2;
				MTL_ENABLE_DEBUG_INFO = YES;
				ONLY_ACTIVE_ARCH = YES;
				SDKROOT = iphoneos;
				SWIFT_ACTIVE_COMPILATION_CONDITIONS = DEBUG;
				SWIFT_OPTIMIZATION_LEVEL = "-Onone";
			};
			name = Debug;
		};
		2AE585E5204B445C00E4CCAD /* Release */ = {
			isa = XCBuildConfiguration;
			buildSettings = {
				ALWAYS_SEARCH_USER_PATHS = NO;
				CLANG_ANALYZER_NONNULL = YES;
				CLANG_ANALYZER_NUMBER_OBJECT_CONVERSION = YES_AGGRESSIVE;
				CLANG_CXX_LANGUAGE_STANDARD = "gnu++14";
				CLANG_CXX_LIBRARY = "libc++";
				CLANG_ENABLE_MODULES = YES;
				CLANG_ENABLE_OBJC_ARC = YES;
				CLANG_WARN_BLOCK_CAPTURE_AUTORELEASING = YES;
				CLANG_WARN_BOOL_CONVERSION = YES;
				CLANG_WARN_COMMA = YES;
				CLANG_WARN_CONSTANT_CONVERSION = YES;
				CLANG_WARN_DIRECT_OBJC_ISA_USAGE = YES_ERROR;
				CLANG_WARN_DOCUMENTATION_COMMENTS = YES;
				CLANG_WARN_EMPTY_BODY = YES;
				CLANG_WARN_ENUM_CONVERSION = YES;
				CLANG_WARN_INFINITE_RECURSION = YES;
				CLANG_WARN_INT_CONVERSION = YES;
				CLANG_WARN_NON_LITERAL_NULL_CONVERSION = YES;
				CLANG_WARN_OBJC_LITERAL_CONVERSION = YES;
				CLANG_WARN_OBJC_ROOT_CLASS = YES_ERROR;
				CLANG_WARN_RANGE_LOOP_ANALYSIS = YES;
				CLANG_WARN_STRICT_PROTOTYPES = YES;
				CLANG_WARN_SUSPICIOUS_MOVE = YES;
				CLANG_WARN_UNGUARDED_AVAILABILITY = YES_AGGRESSIVE;
				CLANG_WARN_UNREACHABLE_CODE = YES;
				CLANG_WARN__DUPLICATE_METHOD_MATCH = YES;
				CODE_SIGN_IDENTITY = "iPhone Developer";
				COPY_PHASE_STRIP = NO;
				DEBUG_INFORMATION_FORMAT = "dwarf-with-dsym";
				ENABLE_NS_ASSERTIONS = NO;
				ENABLE_STRICT_OBJC_MSGSEND = YES;
				GCC_C_LANGUAGE_STANDARD = gnu11;
				GCC_NO_COMMON_BLOCKS = YES;
				GCC_WARN_64_TO_32_BIT_CONVERSION = YES;
				GCC_WARN_ABOUT_RETURN_TYPE = YES_ERROR;
				GCC_WARN_UNDECLARED_SELECTOR = YES;
				GCC_WARN_UNINITIALIZED_AUTOS = YES_AGGRESSIVE;
				GCC_WARN_UNUSED_FUNCTION = YES;
				GCC_WARN_UNUSED_VARIABLE = YES;
				IPHONEOS_DEPLOYMENT_TARGET = 11.2;
				MTL_ENABLE_DEBUG_INFO = NO;
				SDKROOT = iphoneos;
				SWIFT_OPTIMIZATION_LEVEL = "-Owholemodule";
				VALIDATE_PRODUCT = YES;
			};
			name = Release;
		};
		2AE585E7204B445C00E4CCAD /* Debug */ = {
			isa = XCBuildConfiguration;
			baseConfigurationReference = 32B4E7D91A9A33304AFC1EB0 /* Pods-v1_h4h.debug.xcconfig */;
			buildSettings = {
				ASSETCATALOG_COMPILER_APPICON_NAME = AppIcon;
				CODE_SIGN_STYLE = Automatic;
				DEVELOPMENT_TEAM = MGZEMRW7T6;
				INFOPLIST_FILE = v1_h4h/Info.plist;
				LD_RUNPATH_SEARCH_PATHS = "$(inherited) @executable_path/Frameworks";
				PRODUCT_BUNDLE_IDENTIFIER = "com.StevenBucher.v1-h4h";
				PRODUCT_NAME = "$(TARGET_NAME)";
				SWIFT_VERSION = 4.0;
				TARGETED_DEVICE_FAMILY = "1,2";
			};
			name = Debug;
		};
		2AE585E8204B445C00E4CCAD /* Release */ = {
			isa = XCBuildConfiguration;
			baseConfigurationReference = D40966676D001B2B93338F94 /* Pods-v1_h4h.release.xcconfig */;
			buildSettings = {
				ASSETCATALOG_COMPILER_APPICON_NAME = AppIcon;
				CODE_SIGN_STYLE = Automatic;
				DEVELOPMENT_TEAM = MGZEMRW7T6;
				INFOPLIST_FILE = v1_h4h/Info.plist;
				LD_RUNPATH_SEARCH_PATHS = "$(inherited) @executable_path/Frameworks";
				PRODUCT_BUNDLE_IDENTIFIER = "com.StevenBucher.v1-h4h";
				PRODUCT_NAME = "$(TARGET_NAME)";
				SWIFT_VERSION = 4.0;
				TARGETED_DEVICE_FAMILY = "1,2";
			};
			name = Release;
		};
/* End XCBuildConfiguration section */

/* Begin XCConfigurationList section */
		2AE585CF204B445C00E4CCAD /* Build configuration list for PBXProject "v1_h4h" */ = {
			isa = XCConfigurationList;
			buildConfigurations = (
				2AE585E4204B445C00E4CCAD /* Debug */,
				2AE585E5204B445C00E4CCAD /* Release */,
			);
			defaultConfigurationIsVisible = 0;
			defaultConfigurationName = Release;
		};
		2AE585E6204B445C00E4CCAD /* Build configuration list for PBXNativeTarget "v1_h4h" */ = {
			isa = XCConfigurationList;
			buildConfigurations = (
				2AE585E7204B445C00E4CCAD /* Debug */,
				2AE585E8204B445C00E4CCAD /* Release */,
			);
			defaultConfigurationIsVisible = 0;
			defaultConfigurationName = Release;
		};
/* End XCConfigurationList section */
	};
	rootObject = 2AE585CC204B445C00E4CCAD /* Project object */;
}
